
Microsoft Visual Studio Solution File, Format Version 12.00
# Visual Studio 15
VisualStudioVersion = 15.0.28307.902
MinimumVisualStudioVersion = 10.0.40219.1
Project("{9A19103F-16F7-4668-BE54-9A1E7A4F7556}") = "BankTransfer", "BankTransfer.csproj", "{D93E7301-AD91-48BE-8CCD-0631ECAEBEFA}"
EndProject
Global
	GlobalSection(SolutionConfigurationPlatforms) = preSolution
		Debug|Any CPU = Debug|Any CPU
		Release|Any CPU = Release|Any CPU
	EndGlobalSection
	GlobalSection(ProjectConfigurationPlatforms) = postSolution
		{D93E7301-AD91-48BE-8CCD-0631ECAEBEFA}.Debug|Any CPU.ActiveCfg = Debug|Any CPU
		{D93E7301-AD91-48BE-8CCD-0631ECAEBEFA}.Debug|Any CPU.Build.0 = Debug|Any CPU
		{D93E7301-AD91-48BE-8CCD-0631ECAEBEFA}.Release|Any CPU.ActiveCfg = Release|Any CPU
		{D93E7301-AD91-48BE-8CCD-0631ECAEBEFA}.Release|Any CPU.Build.0 = Release|Any CPU
	EndGlobalSection
	GlobalSection(SolutionProperties) = preSolution
		HideSolutionNode = FALSE
	EndGlobalSection
	GlobalSection(ExtensibilityGlobals) = postSolution
		SolutionGuid = {7AEE86E4-175F-4600-BBEF-A0EC8D9F9E03}
	EndGlobalSection
EndGlobal
